
Microsoft Visual Studio Solution File, Format Version 12.00
# Visual Studio Version 16
VisualStudioVersion = 16.0.34301.259
MinimumVisualStudioVersion = 10.0.40219.1
Project("{FAE04EC0-301F-11D3-BF4B-00C04F79EFBC}") = "Dream Construction", "Dream Construction\Dream Construction.csproj", "{3A32B0A1-5B08-4012-8C04-9D460F64F7F4}"
EndProject
Global
	GlobalSection(SolutionConfigurationPlatforms) = preSolution
		Debug|Any CPU = Debug|Any CPU
		Release|Any CPU = Release|Any CPU
	EndGlobalSection
	GlobalSection(ProjectConfigurationPlatforms) = postSolution
		{3A32B0A1-5B08-4012-8C04-9D460F64F7F4}.Debug|Any CPU.ActiveCfg = Debug|Any CPU
		{3A32B0A1-5B08-4012-8C04-9D460F64F7F4}.Debug|Any CPU.Build.0 = Debug|Any CPU
		{3A32B0A1-5B08-4012-8C04-9D460F64F7F4}.Release|Any CPU.ActiveCfg = Release|Any CPU
		{3A32B0A1-5B08-4012-8C04-9D460F64F7F4}.Release|Any CPU.Build.0 = Release|Any CPU
	EndGlobalSection
	GlobalSection(SolutionProperties) = preSolution
		HideSolutionNode = FALSE
	EndGlobalSection
	GlobalSection(ExtensibilityGlobals) = postSolution
		SolutionGuid = {95DB91AB-F37D-45F5-AAEA-5779B016E2D8}
	EndGlobalSection
EndGlobal
